
Microsoft Visual Studio Solution File, Format Version 12.00
# Visual Studio Version 17
VisualStudioVersion = 17.2.32516.85
MinimumVisualStudioVersion = 10.0.40219.1
Project("{FAE04EC0-301F-11D3-BF4B-00C04F79EFBC}") = "Git_IgnorePractice", "Git_IgnorePractice.csproj", "{E381998E-926C-48FF-9F09-18C7237F09E5}"
EndProject
Global
	GlobalSection(SolutionConfigurationPlatforms) = preSolution
		Debug|Any CPU = Debug|Any CPU
		Release|Any CPU = Release|Any CPU
	EndGlobalSection
	GlobalSection(ProjectConfigurationPlatforms) = postSolution
		{E381998E-926C-48FF-9F09-18C7237F09E5}.Debug|Any CPU.ActiveCfg = Debug|Any CPU
		{E381998E-926C-48FF-9F09-18C7237F09E5}.Debug|Any CPU.Build.0 = Debug|Any CPU
		{E381998E-926C-48FF-9F09-18C7237F09E5}.Release|Any CPU.ActiveCfg = Release|Any CPU
		{E381998E-926C-48FF-9F09-18C7237F09E5}.Release|Any CPU.Build.0 = Release|Any CPU
	EndGlobalSection
	GlobalSection(SolutionProperties) = preSolution
		HideSolutionNode = FALSE
	EndGlobalSection
	GlobalSection(ExtensibilityGlobals) = postSolution
		SolutionGuid = {419428DA-5E6A-457E-90F0-2F9C616380F4}
	EndGlobalSection
EndGlobal
